<?xml version="1.0" encoding="UTF-8" standalone="yes" ?>
<CodeBlocks_project_file>
	<FileVersion major="1" minor="6" />
	<Project>
		<Option title="GroupCWordScramble" />
		<Option pch_mode="2" />
		<Option compiler="gcc" />
		<Build>
			<Target title="Debug">
				<Option output="bin/Debug/GroupCWordScramble" prefix_auto="1" extension_auto="1" />
				<Option object_output="obj/Debug/" />
				<Option type="1" />
				<Option compiler="gcc" />
				<Compiler>
					<Add option="-std=c++11" />
					<Add option="-g" />
					<Add directory="fileio" />
					<Add directory="model" />
					<Add directory="utilities" />
				</Compiler>
			</Target>
			<Target title="Release">
				<Option output="bin/Release/GroupCWordScramble" prefix_auto="1" extension_auto="1" />
				<Option object_output="obj/Release/" />
				<Option type="0" />
				<Option compiler="gcc" />
				<Compiler>
					<Add option="-O2" />
					<Add option="-s" />
					<Add directory="fileio" />
					<Add directory="model" />
					<Add directory="utilities" />
				</Compiler>
			</Target>
		</Build>
		<Compiler>
			<Add option="`fltk-config --cxxflags`" />
		</Compiler>
		<Linker>
			<Add option="`fltk-config --ldstaticflags`" />
		</Linker>
		<Unit filename="controller/WordScrambleController.cpp" />
		<Unit filename="controller/WordScrambleController.h" />
		<Unit filename="fileio/DictionaryFileReader.cpp" />
		<Unit filename="fileio/DictionaryFileReader.h" />
		<Unit filename="main.cpp" />
		<Unit filename="model/Dictionary.cpp" />
		<Unit filename="model/Dictionary.h" />
		<Unit filename="model/RandomLetterGenerator.cpp" />
		<Unit filename="model/RandomLetterGenerator.h" />
		<Unit filename="model/TrieNode.cpp" />
		<Unit filename="model/TrieNode.h" />
		<Unit filename="model/TrieTree.cpp" />
		<Unit filename="model/TrieTree.h" />
		<Unit filename="other/dictionary.txt" />
		<Unit filename="other/notes.txt" />
		<Unit filename="other/test.txt">
			<Option target="Debug" />
		</Unit>
		<Unit filename="utilities/Utils.cpp" />
		<Unit filename="utilities/Utils.h" />
		<Unit filename="view/WordDisplayFormatter.cpp" />
		<Unit filename="view/WordDisplayFormatter.h" />
		<Unit filename="view/WordScrambleWindow.cpp" />
		<Unit filename="view/WordScrambleWindow.h" />
		<Extensions>
			<code_completion />
			<envvars />
			<lib_finder disable_auto="1" />
			<debugger />
		</Extensions>
	</Project>
</CodeBlocks_project_file>
